
Microsoft Visual Studio Solution File, Format Version 12.00
# Visual Studio 15
VisualStudioVersion = 15.0.26430.12
MinimumVisualStudioVersion = 10.0.40219.1
Project("{FAE04EC0-301F-11D3-BF4B-00C04F79EFBC}") = "1.OddLines", "1.OddLines\1.OddLines.csproj", "{943621DF-EEB4-4D31-8B0B-7CD45E655B58}"
EndProject
Project("{FAE04EC0-301F-11D3-BF4B-00C04F79EFBC}") = "2.LineNumbers", "2.LineNumbers\2.LineNumbers.csproj", "{51692335-BA5A-40DB-BCD3-540BE1F52F00}"
EndProject
Project("{FAE04EC0-301F-11D3-BF4B-00C04F79EFBC}") = "3.Words", "3.Words\3.Words.csproj", "{561922AE-BBFF-4B3E-A0FB-9ACAE55B5B13}"
EndProject
Project("{FAE04EC0-301F-11D3-BF4B-00C04F79EFBC}") = "4.CopyBinaryFile", "4.CopyBinaryFile\4.CopyBinaryFile.csproj", "{59ED8504-1043-4502-AC95-0E8A545ACEFA}"
EndProject
Project("{FAE04EC0-301F-11D3-BF4B-00C04F79EFBC}") = "5.SlicingFile", "5.SlicingFile\5.SlicingFile.csproj", "{CE8883C6-E8DE-4E6F-817C-0C5257029D4F}"
EndProject
Project("{FAE04EC0-301F-11D3-BF4B-00C04F79EFBC}") = "6.ZippingSlicedFiles", "6.ZippingSlicedFiles\6.ZippingSlicedFiles.csproj", "{76B74DD9-6212-4178-A4EE-E58B51840C37}"
EndProject
Project("{FAE04EC0-301F-11D3-BF4B-00C04F79EFBC}") = "7.DirectoryTraversal", "7.DirectoryTraversal\7.DirectoryTraversal.csproj", "{8EBB6515-A2C6-4D1D-A952-AC0CB1DF3D7F}"
EndProject
Project("{FAE04EC0-301F-11D3-BF4B-00C04F79EFBC}") = "8.FullDirectoryTraversal", "8.FullDirectoryTraversal\8.FullDirectoryTraversal.csproj", "{8356FCEE-A60D-4E7A-B29B-73D6B161BB0B}"
EndProject
Global
	GlobalSection(SolutionConfigurationPlatforms) = preSolution
		Debug|Any CPU = Debug|Any CPU
		Release|Any CPU = Release|Any CPU
	EndGlobalSection
	GlobalSection(ProjectConfigurationPlatforms) = postSolution
		{943621DF-EEB4-4D31-8B0B-7CD45E655B58}.Debug|Any CPU.ActiveCfg = Debug|Any CPU
		{943621DF-EEB4-4D31-8B0B-7CD45E655B58}.Debug|Any CPU.Build.0 = Debug|Any CPU
		{943621DF-EEB4-4D31-8B0B-7CD45E655B58}.Release|Any CPU.ActiveCfg = Release|Any CPU
		{943621DF-EEB4-4D31-8B0B-7CD45E655B58}.Release|Any CPU.Build.0 = Release|Any CPU
		{51692335-BA5A-40DB-BCD3-540BE1F52F00}.Debug|Any CPU.ActiveCfg = Debug|Any CPU
		{51692335-BA5A-40DB-BCD3-540BE1F52F00}.Debug|Any CPU.Build.0 = Debug|Any CPU
		{51692335-BA5A-40DB-BCD3-540BE1F52F00}.Release|Any CPU.ActiveCfg = Release|Any CPU
		{51692335-BA5A-40DB-BCD3-540BE1F52F00}.Release|Any CPU.Build.0 = Release|Any CPU
		{561922AE-BBFF-4B3E-A0FB-9ACAE55B5B13}.Debug|Any CPU.ActiveCfg = Debug|Any CPU
		{561922AE-BBFF-4B3E-A0FB-9ACAE55B5B13}.Debug|Any CPU.Build.0 = Debug|Any CPU
		{561922AE-BBFF-4B3E-A0FB-9ACAE55B5B13}.Release|Any CPU.ActiveCfg = Release|Any CPU
		{561922AE-BBFF-4B3E-A0FB-9ACAE55B5B13}.Release|Any CPU.Build.0 = Release|Any CPU
		{59ED8504-1043-4502-AC95-0E8A545ACEFA}.Debug|Any CPU.ActiveCfg = Debug|Any CPU
		{59ED8504-1043-4502-AC95-0E8A545ACEFA}.Debug|Any CPU.Build.0 = Debug|Any CPU
		{59ED8504-1043-4502-AC95-0E8A545ACEFA}.Release|Any CPU.ActiveCfg = Release|Any CPU
		{59ED8504-1043-4502-AC95-0E8A545ACEFA}.Release|Any CPU.Build.0 = Release|Any CPU
		{CE8883C6-E8DE-4E6F-817C-0C5257029D4F}.Debug|Any CPU.ActiveCfg = Debug|Any CPU
		{CE8883C6-E8DE-4E6F-817C-0C5257029D4F}.Debug|Any CPU.Build.0 = Debug|Any CPU
		{CE8883C6-E8DE-4E6F-817C-0C5257029D4F}.Release|Any CPU.ActiveCfg = Release|Any CPU
		{CE8883C6-E8DE-4E6F-817C-0C5257029D4F}.Release|Any CPU.Build.0 = Release|Any CPU
		{76B74DD9-6212-4178-A4EE-E58B51840C37}.Debug|Any CPU.ActiveCfg = Debug|Any CPU
		{76B74DD9-6212-4178-A4EE-E58B51840C37}.Debug|Any CPU.Build.0 = Debug|Any CPU
		{76B74DD9-6212-4178-A4EE-E58B51840C37}.Release|Any CPU.ActiveCfg = Release|Any CPU
		{76B74DD9-6212-4178-A4EE-E58B51840C37}.Release|Any CPU.Build.0 = Release|Any CPU
		{8EBB6515-A2C6-4D1D-A952-AC0CB1DF3D7F}.Debug|Any CPU.ActiveCfg = Debug|Any CPU
		{8EBB6515-A2C6-4D1D-A952-AC0CB1DF3D7F}.Debug|Any CPU.Build.0 = Debug|Any CPU
		{8EBB6515-A2C6-4D1D-A952-AC0CB1DF3D7F}.Release|Any CPU.ActiveCfg = Release|Any CPU
		{8EBB6515-A2C6-4D1D-A952-AC0CB1DF3D7F}.Release|Any CPU.Build.0 = Release|Any CPU
		{8356FCEE-A60D-4E7A-B29B-73D6B161BB0B}.Debug|Any CPU.ActiveCfg = Debug|Any CPU
		{8356FCEE-A60D-4E7A-B29B-73D6B161BB0B}.Debug|Any CPU.Build.0 = Debug|Any CPU
		{8356FCEE-A60D-4E7A-B29B-73D6B161BB0B}.Release|Any CPU.ActiveCfg = Release|Any CPU
		{8356FCEE-A60D-4E7A-B29B-73D6B161BB0B}.Release|Any CPU.Build.0 = Release|Any CPU
	EndGlobalSection
	GlobalSection(SolutionProperties) = preSolution
		HideSolutionNode = FALSE
	EndGlobalSection
EndGlobal
